
Microsoft Visual Studio Solution File, Format Version 12.00
# Visual Studio Version 16
VisualStudioVersion = 16.0.29322.22
MinimumVisualStudioVersion = 15.0.26124.0
Project("{2150E333-8FDC-42A3-9474-1A3956D46DE8}") = "Solution Items", "Solution Items", "{1CE9670B-D5FF-46A7-9D00-24E70E6ED48B}"
	ProjectSection(SolutionItems) = preProject
		.editorconfig = .editorconfig
		Directory.Build.props = Directory.Build.props
		Directory.Build.targets = Directory.Build.targets
		global.json = global.json
		nuget.config = nuget.config
		README.md = README.md
		stylecop.json = stylecop.json
		version.json = version.json
	EndProjectSection
EndProject
Project("{2150E333-8FDC-42A3-9474-1A3956D46DE8}") = "src", "src", "{9E154A29-1796-4B85-BD81-B6A385D8FF71}"
	ProjectSection(SolutionItems) = preProject
		src\.editorconfig = src\.editorconfig
		src\Directory.Build.props = src\Directory.Build.props
		src\Directory.Build.targets = src\Directory.Build.targets
	EndProjectSection
EndProject
Project("{2150E333-8FDC-42A3-9474-1A3956D46DE8}") = "test", "test", "{36CCE840-6FE5-4DB9-A8D5-8CF3CB6D342A}"
	ProjectSection(SolutionItems) = preProject
		test\.editorconfig = test\.editorconfig
		test\Directory.Build.props = test\Directory.Build.props
		test\Directory.Build.targets = test\Directory.Build.targets
	EndProjectSection
EndProject
Project("{9A19103F-16F7-4668-BE54-9A1E7A4F7556}") = "Rixian.Telemetry.Tests", "test\Rixian.Telemetry.Tests\Rixian.Telemetry.Tests.csproj", "{7914B423-3B8A-4E11-8E8D-058EE09745E9}"
EndProject
Project("{9A19103F-16F7-4668-BE54-9A1E7A4F7556}") = "Rixian.Telemetry.AzureEventHubs", "src\Rixian.Telemetry.AzureEventHubs\Rixian.Telemetry.AzureEventHubs.csproj", "{E35DBBD0-E0FC-4AE4-AB2B-CE2488FEDD53}"
EndProject
Project("{9A19103F-16F7-4668-BE54-9A1E7A4F7556}") = "Rixian.Telemetry.AspNetCore", "src\Rixian.Telemetry.AspNetCore\Rixian.Telemetry.AspNetCore.csproj", "{007AD890-0778-4CD5-BC20-D8413F0711AF}"
EndProject
Project("{9A19103F-16F7-4668-BE54-9A1E7A4F7556}") = "Rixian.Telemetry.Abstractions", "src\Rixian.Telemetry.Abstractions\Rixian.Telemetry.Abstractions.csproj", "{54D1DF4A-6160-4608-90AE-0340AD3E229E}"
EndProject
Project("{9A19103F-16F7-4668-BE54-9A1E7A4F7556}") = "Rixian.Telemetry", "src\Rixian.Telemetry\Rixian.Telemetry.csproj", "{6E09CE61-F3AE-41D1-B96B-6CA00D41D41A}"
EndProject
Global
	GlobalSection(SolutionConfigurationPlatforms) = preSolution
		Debug|Any CPU = Debug|Any CPU
		Release|Any CPU = Release|Any CPU
	EndGlobalSection
	GlobalSection(ProjectConfigurationPlatforms) = postSolution
		{7914B423-3B8A-4E11-8E8D-058EE09745E9}.Debug|Any CPU.ActiveCfg = Debug|Any CPU
		{7914B423-3B8A-4E11-8E8D-058EE09745E9}.Debug|Any CPU.Build.0 = Debug|Any CPU
		{7914B423-3B8A-4E11-8E8D-058EE09745E9}.Release|Any CPU.ActiveCfg = Release|Any CPU
		{7914B423-3B8A-4E11-8E8D-058EE09745E9}.Release|Any CPU.Build.0 = Release|Any CPU
		{E35DBBD0-E0FC-4AE4-AB2B-CE2488FEDD53}.Debug|Any CPU.ActiveCfg = Debug|Any CPU
		{E35DBBD0-E0FC-4AE4-AB2B-CE2488FEDD53}.Debug|Any CPU.Build.0 = Debug|Any CPU
		{E35DBBD0-E0FC-4AE4-AB2B-CE2488FEDD53}.Release|Any CPU.ActiveCfg = Release|Any CPU
		{E35DBBD0-E0FC-4AE4-AB2B-CE2488FEDD53}.Release|Any CPU.Build.0 = Release|Any CPU
		{007AD890-0778-4CD5-BC20-D8413F0711AF}.Debug|Any CPU.ActiveCfg = Debug|Any CPU
		{007AD890-0778-4CD5-BC20-D8413F0711AF}.Debug|Any CPU.Build.0 = Debug|Any CPU
		{007AD890-0778-4CD5-BC20-D8413F0711AF}.Release|Any CPU.ActiveCfg = Release|Any CPU
		{007AD890-0778-4CD5-BC20-D8413F0711AF}.Release|Any CPU.Build.0 = Release|Any CPU
		{54D1DF4A-6160-4608-90AE-0340AD3E229E}.Debug|Any CPU.ActiveCfg = Debug|Any CPU
		{54D1DF4A-6160-4608-90AE-0340AD3E229E}.Debug|Any CPU.Build.0 = Debug|Any CPU
		{54D1DF4A-6160-4608-90AE-0340AD3E229E}.Release|Any CPU.ActiveCfg = Release|Any CPU
		{54D1DF4A-6160-4608-90AE-0340AD3E229E}.Release|Any CPU.Build.0 = Release|Any CPU
		{6E09CE61-F3AE-41D1-B96B-6CA00D41D41A}.Debug|Any CPU.ActiveCfg = Debug|Any CPU
		{6E09CE61-F3AE-41D1-B96B-6CA00D41D41A}.Debug|Any CPU.Build.0 = Debug|Any CPU
		{6E09CE61-F3AE-41D1-B96B-6CA00D41D41A}.Release|Any CPU.ActiveCfg = Release|Any CPU
		{6E09CE61-F3AE-41D1-B96B-6CA00D41D41A}.Release|Any CPU.Build.0 = Release|Any CPU
	EndGlobalSection
	GlobalSection(SolutionProperties) = preSolution
		HideSolutionNode = FALSE
	EndGlobalSection
	GlobalSection(NestedProjects) = preSolution
		{7914B423-3B8A-4E11-8E8D-058EE09745E9} = {36CCE840-6FE5-4DB9-A8D5-8CF3CB6D342A}
		{E35DBBD0-E0FC-4AE4-AB2B-CE2488FEDD53} = {9E154A29-1796-4B85-BD81-B6A385D8FF71}
		{007AD890-0778-4CD5-BC20-D8413F0711AF} = {9E154A29-1796-4B85-BD81-B6A385D8FF71}
		{54D1DF4A-6160-4608-90AE-0340AD3E229E} = {9E154A29-1796-4B85-BD81-B6A385D8FF71}
		{6E09CE61-F3AE-41D1-B96B-6CA00D41D41A} = {9E154A29-1796-4B85-BD81-B6A385D8FF71}
	EndGlobalSection
	GlobalSection(ExtensibilityGlobals) = postSolution
		SolutionGuid = {E3944F6A-384B-4B0F-B93F-3BD513DC57BD}
	EndGlobalSection
EndGlobal
